
Microsoft Visual Studio Solution File, Format Version 12.00
# Visual Studio Version 17
VisualStudioVersion = 17.11.35208.52
MinimumVisualStudioVersion = 10.0.40219.1
Project("{FAE04EC0-301F-11D3-BF4B-00C04F79EFBC}") = "FinancePortal", "FinancePortal\FinancePortal.csproj", "{53897502-C0BC-4F42-994C-E618C5A79B07}"
EndProject
Global
	GlobalSection(SolutionConfigurationPlatforms) = preSolution
		Debug|Any CPU = Debug|Any CPU
		Release|Any CPU = Release|Any CPU
	EndGlobalSection
	GlobalSection(ProjectConfigurationPlatforms) = postSolution
		{53897502-C0BC-4F42-994C-E618C5A79B07}.Debug|Any CPU.ActiveCfg = Debug|Any CPU
		{53897502-C0BC-4F42-994C-E618C5A79B07}.Debug|Any CPU.Build.0 = Debug|Any CPU
		{53897502-C0BC-4F42-994C-E618C5A79B07}.Release|Any CPU.ActiveCfg = Release|Any CPU
		{53897502-C0BC-4F42-994C-E618C5A79B07}.Release|Any CPU.Build.0 = Release|Any CPU
	EndGlobalSection
	GlobalSection(SolutionProperties) = preSolution
		HideSolutionNode = FALSE
	EndGlobalSection
	GlobalSection(ExtensibilityGlobals) = postSolution
		SolutionGuid = {7DA83C8D-A731-4787-907F-A483A6E19BAF}
	EndGlobalSection
EndGlobal
